
Microsoft Visual Studio Solution File, Format Version 12.00
# Visual Studio 2012
Project("{FAE04EC0-301F-11D3-BF4B-00C04F79EFBC}") = "SimplestDI", "SimplestDI\SimplestDI.csproj", "{7FA15412-2253-4A2A-8204-48AF6BD8CF78}"
EndProject
Project("{FAE04EC0-301F-11D3-BF4B-00C04F79EFBC}") = "SimplestDI.Tests", "SimplestDI.Tests\SimplestDI.Tests.csproj", "{2575058B-79AA-42A7-95EE-9EE78BE99923}"
EndProject
Global
	GlobalSection(SolutionConfigurationPlatforms) = preSolution
		Debug|Any CPU = Debug|Any CPU
		Release|Any CPU = Release|Any CPU
	EndGlobalSection
	GlobalSection(ProjectConfigurationPlatforms) = postSolution
		{7FA15412-2253-4A2A-8204-48AF6BD8CF78}.Debug|Any CPU.ActiveCfg = Debug|Any CPU
		{7FA15412-2253-4A2A-8204-48AF6BD8CF78}.Debug|Any CPU.Build.0 = Debug|Any CPU
		{7FA15412-2253-4A2A-8204-48AF6BD8CF78}.Release|Any CPU.ActiveCfg = Release|Any CPU
		{7FA15412-2253-4A2A-8204-48AF6BD8CF78}.Release|Any CPU.Build.0 = Release|Any CPU
		{2575058B-79AA-42A7-95EE-9EE78BE99923}.Debug|Any CPU.ActiveCfg = Debug|Any CPU
		{2575058B-79AA-42A7-95EE-9EE78BE99923}.Debug|Any CPU.Build.0 = Debug|Any CPU
		{2575058B-79AA-42A7-95EE-9EE78BE99923}.Release|Any CPU.ActiveCfg = Release|Any CPU
		{2575058B-79AA-42A7-95EE-9EE78BE99923}.Release|Any CPU.Build.0 = Release|Any CPU
	EndGlobalSection
	GlobalSection(SolutionProperties) = preSolution
		HideSolutionNode = FALSE
	EndGlobalSection
EndGlobal
